
Microsoft Visual Studio Solution File, Format Version 12.00
# Visual Studio 15
VisualStudioVersion = 15.0.26403.0
MinimumVisualStudioVersion = 10.0.40219.1
Project("{2150E333-8FDC-42A3-9474-1A3956D46DE8}") = "API", "API", "{0E507782-6116-466E-BD62-D3C4373267F4}"
EndProject
Project("{2150E333-8FDC-42A3-9474-1A3956D46DE8}") = "WEB", "WEB", "{DE5AC769-ED77-423E-ABBF-A1E9E4AFCE01}"
EndProject
Project("{2150E333-8FDC-42A3-9474-1A3956D46DE8}") = "Domain", "Domain", "{F4BCF7B8-54FC-463D-BE3E-CFA6A814B66C}"
EndProject
Project("{FAE04EC0-301F-11D3-BF4B-00C04F79EFBC}") = "Hortkut.Api", "Hortkut.Api\Hortkut.Api.csproj", "{513EAEC3-577D-4522-9216-416C2EAAAE97}"
EndProject
Project("{FAE04EC0-301F-11D3-BF4B-00C04F79EFBC}") = "Hortkut.Domain", "Hortkut.Domain\Hortkut.Domain.csproj", "{484DBBB4-402C-4354-B60E-7058451A6278}"
EndProject
Project("{FAE04EC0-301F-11D3-BF4B-00C04F79EFBC}") = "Hortkut.Web", "Hortkut.Web\Hortkut.Web.csproj", "{BBB17AC9-7B3B-4750-B8E7-ADED4D84C38A}"
EndProject
Global
	GlobalSection(SolutionConfigurationPlatforms) = preSolution
		Debug|Any CPU = Debug|Any CPU
		Release|Any CPU = Release|Any CPU
	EndGlobalSection
	GlobalSection(ProjectConfigurationPlatforms) = postSolution
		{513EAEC3-577D-4522-9216-416C2EAAAE97}.Debug|Any CPU.ActiveCfg = Debug|Any CPU
		{513EAEC3-577D-4522-9216-416C2EAAAE97}.Debug|Any CPU.Build.0 = Debug|Any CPU
		{513EAEC3-577D-4522-9216-416C2EAAAE97}.Release|Any CPU.ActiveCfg = Release|Any CPU
		{513EAEC3-577D-4522-9216-416C2EAAAE97}.Release|Any CPU.Build.0 = Release|Any CPU
		{484DBBB4-402C-4354-B60E-7058451A6278}.Debug|Any CPU.ActiveCfg = Debug|Any CPU
		{484DBBB4-402C-4354-B60E-7058451A6278}.Debug|Any CPU.Build.0 = Debug|Any CPU
		{484DBBB4-402C-4354-B60E-7058451A6278}.Release|Any CPU.ActiveCfg = Release|Any CPU
		{484DBBB4-402C-4354-B60E-7058451A6278}.Release|Any CPU.Build.0 = Release|Any CPU
		{BBB17AC9-7B3B-4750-B8E7-ADED4D84C38A}.Debug|Any CPU.ActiveCfg = Debug|Any CPU
		{BBB17AC9-7B3B-4750-B8E7-ADED4D84C38A}.Debug|Any CPU.Build.0 = Debug|Any CPU
		{BBB17AC9-7B3B-4750-B8E7-ADED4D84C38A}.Release|Any CPU.ActiveCfg = Release|Any CPU
		{BBB17AC9-7B3B-4750-B8E7-ADED4D84C38A}.Release|Any CPU.Build.0 = Release|Any CPU
	EndGlobalSection
	GlobalSection(SolutionProperties) = preSolution
		HideSolutionNode = FALSE
	EndGlobalSection
	GlobalSection(NestedProjects) = preSolution
		{513EAEC3-577D-4522-9216-416C2EAAAE97} = {0E507782-6116-466E-BD62-D3C4373267F4}
		{484DBBB4-402C-4354-B60E-7058451A6278} = {F4BCF7B8-54FC-463D-BE3E-CFA6A814B66C}
		{BBB17AC9-7B3B-4750-B8E7-ADED4D84C38A} = {DE5AC769-ED77-423E-ABBF-A1E9E4AFCE01}
	EndGlobalSection
EndGlobal
